{
  "name": "checkmark-icons",
  "version": "1.0.0",
  "lockfileVersion": 3,
  "requires": true,
  "packages": {
    "": {
      "name": "checkmark-icons",
      "version": "1.0.0",
      "dependencies": {
        "@primer/octicons": "^19.15.2",
        "lucide-static": "^0.511.0"
      }
    },
    "node_modules/@primer/octicons": {
      "version": "19.19.0",
      "resolved": "https://registry.npmjs.org/@primer/octicons/-/octicons-19.19.0.tgz",
      "integrity": "sha512-LBbL8nOl6FWMDy7riKB5ppHLtffY7loRq+CDGj0D5G1Xdo2mKlSOQy3rWy2RVE8SxxPFL+mj46C1nG+smKBEZA==",
      "license": "MIT",
      "dependencies": {
        "object-assign": "^4.1.1"
      }
    },
    "node_modules/lucide-static": {
      "version": "0.511.0",
      "resolved": "https://registry.npmjs.org/lucide-static/-/lucide-static-0.511.0.tgz",
      "integrity": "sha512-/MWOjEyGZO84B16BeqbeleinbmeYxOBsbYDt/Yk6xGwMYwDm6dx43jKHMxGDqW9U84qWL13dNvVW0SMADhUSyg==",
      "license": "ISC"
    },
    "node_modules/object-assign": {
      "version": "4.1.1",
      "resolved": "https://registry.npmjs.org/object-assign/-/object-assign-4.1.1.tgz",
      "integrity": "sha512-rJgTQnkUnH1sFw8yT6VSU3zD3sWmu6sZhIseY8VX+GRu3P6F7Fu+JNDoXfklElbLJSnc3FUQHVe4cU5hj+BcUg==",
      "license": "MIT",
      "engines": {
        "node": ">=0.10.0"
      }
    }
  }
}
